
Microsoft Visual Studio Solution File, Format Version 12.00
# Visual Studio Version 17
VisualStudioVersion = 17.6.33723.286
MinimumVisualStudioVersion = 10.0.40219.1
Project("{9A19103F-16F7-4668-BE54-9A1E7A4F7556}") = "PassVault", "PassVault\PassVault.csproj", "{BD6C3605-00FC-4DAA-9912-880DC79B38AD}"
EndProject
Project("{FAE04EC0-301F-11D3-BF4B-00C04F79EFBC}") = "PassVault.UnitTests", "PassVault.UnitTests\PassVault.UnitTests.csproj", "{AE2FBC9A-FFF3-4CA6-B65D-55B83758A67E}"
EndProject
Global
	GlobalSection(SolutionConfigurationPlatforms) = preSolution
		Debug|Any CPU = Debug|Any CPU
		Release|Any CPU = Release|Any CPU
	EndGlobalSection
	GlobalSection(ProjectConfigurationPlatforms) = postSolution
		{BD6C3605-00FC-4DAA-9912-880DC79B38AD}.Debug|Any CPU.ActiveCfg = Debug|Any CPU
		{BD6C3605-00FC-4DAA-9912-880DC79B38AD}.Debug|Any CPU.Build.0 = Debug|Any CPU
		{BD6C3605-00FC-4DAA-9912-880DC79B38AD}.Release|Any CPU.ActiveCfg = Release|Any CPU
		{BD6C3605-00FC-4DAA-9912-880DC79B38AD}.Release|Any CPU.Build.0 = Release|Any CPU
		{AE2FBC9A-FFF3-4CA6-B65D-55B83758A67E}.Debug|Any CPU.ActiveCfg = Debug|Any CPU
		{AE2FBC9A-FFF3-4CA6-B65D-55B83758A67E}.Debug|Any CPU.Build.0 = Debug|Any CPU
		{AE2FBC9A-FFF3-4CA6-B65D-55B83758A67E}.Release|Any CPU.ActiveCfg = Release|Any CPU
		{AE2FBC9A-FFF3-4CA6-B65D-55B83758A67E}.Release|Any CPU.Build.0 = Release|Any CPU
	EndGlobalSection
	GlobalSection(SolutionProperties) = preSolution
		HideSolutionNode = FALSE
	EndGlobalSection
	GlobalSection(ExtensibilityGlobals) = postSolution
		SolutionGuid = {B4C520D8-6F43-4D33-9AA7-9164F1B656E2}
	EndGlobalSection
EndGlobal
